
Microsoft Visual Studio Solution File, Format Version 12.00
# Visual Studio Version 16
VisualStudioVersion = 16.0.30225.117
MinimumVisualStudioVersion = 10.0.40219.1
Project("{9A19103F-16F7-4668-BE54-9A1E7A4F7556}") = "AvaliandoExpressoesMatematicas", "AvaliandoExpressoesMatematicas\AvaliandoExpressoesMatematicas.csproj", "{9808A4BE-7872-433C-B5E3-50A6909F06D9}"
EndProject
Project("{9A19103F-16F7-4668-BE54-9A1E7A4F7556}") = "AvaliandoExpressoesMatematicasTests", "AvaliandoExpressoesMatematicasTests\AvaliandoExpressoesMatematicasTests.csproj", "{53ACC3AF-47D7-4457-93BF-53CA5E95F597}"
EndProject
Global
	GlobalSection(SolutionConfigurationPlatforms) = preSolution
		Debug|Any CPU = Debug|Any CPU
		Release|Any CPU = Release|Any CPU
	EndGlobalSection
	GlobalSection(ProjectConfigurationPlatforms) = postSolution
		{9808A4BE-7872-433C-B5E3-50A6909F06D9}.Debug|Any CPU.ActiveCfg = Debug|Any CPU
		{9808A4BE-7872-433C-B5E3-50A6909F06D9}.Debug|Any CPU.Build.0 = Debug|Any CPU
		{9808A4BE-7872-433C-B5E3-50A6909F06D9}.Release|Any CPU.ActiveCfg = Release|Any CPU
		{9808A4BE-7872-433C-B5E3-50A6909F06D9}.Release|Any CPU.Build.0 = Release|Any CPU
		{53ACC3AF-47D7-4457-93BF-53CA5E95F597}.Debug|Any CPU.ActiveCfg = Debug|Any CPU
		{53ACC3AF-47D7-4457-93BF-53CA5E95F597}.Debug|Any CPU.Build.0 = Debug|Any CPU
		{53ACC3AF-47D7-4457-93BF-53CA5E95F597}.Release|Any CPU.ActiveCfg = Release|Any CPU
		{53ACC3AF-47D7-4457-93BF-53CA5E95F597}.Release|Any CPU.Build.0 = Release|Any CPU
	EndGlobalSection
	GlobalSection(SolutionProperties) = preSolution
		HideSolutionNode = FALSE
	EndGlobalSection
	GlobalSection(ExtensibilityGlobals) = postSolution
		SolutionGuid = {A4EF26AF-515B-4702-96B5-F62202F25834}
	EndGlobalSection
EndGlobal
